<Solution>
  <Folder Name="/src/">
    <Project Path="src/JELMusic.Application.Abstractions/JELMusic.Application.Abstractions.csproj" />
    <Project Path="src/JELMusic.Application/JELMusic.Application.csproj" />
    <Project Path="src/JELMusic.Domain/JELMusic.Domain.csproj" />
    <Project Path="src/JELMusic.Framework/JELMusic.Framework.csproj" />
    <Project Path="src/JELMusic.Host/JELMusic.Host.csproj" />
    <Project Path="src/JELMusic.Infrastructure/JELMusic.Infrastructure.csproj" />
    <Project Path="src/JELMusic.Studio/JELMusic.Studio.csproj" />
  </Folder>
  <Folder Name="/tests/">
    <Project Path="tests/JELMusic.Application.Tests/JELMusic.Application.Tests.csproj" />
    <Project Path="tests/JELMusic.Infrastructure.Tests/JELMusic.Infrastructure.Tests.csproj" />
  </Folder>
</Solution>